
Microsoft Visual Studio Solution File, Format Version 12.00
# Visual Studio Version 17
VisualStudioVersion = 17.11.35327.3
MinimumVisualStudioVersion = 10.0.40219.1
Project("{FAE04EC0-301F-11D3-BF4B-00C04F79EFBC}") = "DoctorConsultantApi", "DoctorConsultantApi\DoctorConsultantApi.csproj", "{6F8CDE80-3A6B-401B-AF17-FA8FF3ECBA8B}"
EndProject
Global
	GlobalSection(SolutionConfigurationPlatforms) = preSolution
		Debug|Any CPU = Debug|Any CPU
		Release|Any CPU = Release|Any CPU
	EndGlobalSection
	GlobalSection(ProjectConfigurationPlatforms) = postSolution
		{6F8CDE80-3A6B-401B-AF17-FA8FF3ECBA8B}.Debug|Any CPU.ActiveCfg = Debug|Any CPU
		{6F8CDE80-3A6B-401B-AF17-FA8FF3ECBA8B}.Debug|Any CPU.Build.0 = Debug|Any CPU
		{6F8CDE80-3A6B-401B-AF17-FA8FF3ECBA8B}.Release|Any CPU.ActiveCfg = Release|Any CPU
		{6F8CDE80-3A6B-401B-AF17-FA8FF3ECBA8B}.Release|Any CPU.Build.0 = Release|Any CPU
	EndGlobalSection
	GlobalSection(SolutionProperties) = preSolution
		HideSolutionNode = FALSE
	EndGlobalSection
	GlobalSection(ExtensibilityGlobals) = postSolution
		SolutionGuid = {5ED389FB-3D1A-4F4A-AA0D-45FD3099B43F}
	EndGlobalSection
EndGlobal
